
Microsoft Visual Studio Solution File, Format Version 12.00
# Visual Studio 2013
VisualStudioVersion = 12.0.21005.1
MinimumVisualStudioVersion = 10.0.40219.1
Project("{E24C65DC-7377-472B-9ABA-BC803B73C61A}") = "src(1)", "http://localhost:29890", "{E8537280-C89F-4203-97D4-4F679167E9B0}"
	ProjectSection(WebsiteProperties) = preProject
		UseIISExpress = "true"
		TargetFrameworkMoniker = ".NETFramework,Version%3Dv4.0"
		Debug.AspNetCompiler.VirtualPath = "/localhost_29890"
		Debug.AspNetCompiler.PhysicalPath = "E:\_myWork\Egy Marchent\UI\Merchants Control Panel\src\"
		Debug.AspNetCompiler.TargetPath = "PrecompiledWeb\localhost_29890\"
		Debug.AspNetCompiler.Updateable = "true"
		Debug.AspNetCompiler.ForceOverwrite = "true"
		Debug.AspNetCompiler.FixedNames = "false"
		Debug.AspNetCompiler.Debug = "True"
		Release.AspNetCompiler.VirtualPath = "/localhost_29890"
		Release.AspNetCompiler.PhysicalPath = "E:\_myWork\Egy Marchent\UI\Merchants Control Panel\src\"
		Release.AspNetCompiler.TargetPath = "PrecompiledWeb\localhost_29890\"
		Release.AspNetCompiler.Updateable = "true"
		Release.AspNetCompiler.ForceOverwrite = "true"
		Release.AspNetCompiler.FixedNames = "false"
		Release.AspNetCompiler.Debug = "False"
		SlnRelativePath = "E:\_myWork\Egy Marchent\UI\Merchants Control Panel\src\"
	EndProjectSection
EndProject
Global
	GlobalSection(SolutionConfigurationPlatforms) = preSolution
		Debug|Any CPU = Debug|Any CPU
	EndGlobalSection
	GlobalSection(ProjectConfigurationPlatforms) = postSolution
		{E8537280-C89F-4203-97D4-4F679167E9B0}.Debug|Any CPU.ActiveCfg = Debug|Any CPU
		{E8537280-C89F-4203-97D4-4F679167E9B0}.Debug|Any CPU.Build.0 = Debug|Any CPU
	EndGlobalSection
	GlobalSection(SolutionProperties) = preSolution
		HideSolutionNode = FALSE
	EndGlobalSection
EndGlobal
